
Microsoft Visual Studio Solution File, Format Version 12.00
# Visual Studio Version 17
VisualStudioVersion = 17.8.34511.84
MinimumVisualStudioVersion = 10.0.40219.1
Project("{9A19103F-16F7-4668-BE54-9A1E7A4F7556}") = "ZedShop.Web", "ZedShop\ZedShop.Web.csproj", "{7544998E-7060-431E-90E8-6C767075E0F2}"
EndProject
Project("{FAE04EC0-301F-11D3-BF4B-00C04F79EFBC}") = "ZedShop.Core", "ZedShop.Core\ZedShop.Core.csproj", "{16CACCAF-B846-4F57-891E-AFFBE022D248}"
EndProject
Project("{FAE04EC0-301F-11D3-BF4B-00C04F79EFBC}") = "ZedShop.DataLayer", "ZedShop.DataLayer\ZedShop.DataLayer.csproj", "{39DBCC1E-77AB-4FD2-B904-A82C416BB1CF}"
EndProject
Global
	GlobalSection(SolutionConfigurationPlatforms) = preSolution
		Debug|Any CPU = Debug|Any CPU
		Release|Any CPU = Release|Any CPU
	EndGlobalSection
	GlobalSection(ProjectConfigurationPlatforms) = postSolution
		{7544998E-7060-431E-90E8-6C767075E0F2}.Debug|Any CPU.ActiveCfg = Debug|Any CPU
		{7544998E-7060-431E-90E8-6C767075E0F2}.Debug|Any CPU.Build.0 = Debug|Any CPU
		{7544998E-7060-431E-90E8-6C767075E0F2}.Release|Any CPU.ActiveCfg = Release|Any CPU
		{7544998E-7060-431E-90E8-6C767075E0F2}.Release|Any CPU.Build.0 = Release|Any CPU
		{16CACCAF-B846-4F57-891E-AFFBE022D248}.Debug|Any CPU.ActiveCfg = Debug|Any CPU
		{16CACCAF-B846-4F57-891E-AFFBE022D248}.Debug|Any CPU.Build.0 = Debug|Any CPU
		{16CACCAF-B846-4F57-891E-AFFBE022D248}.Release|Any CPU.ActiveCfg = Release|Any CPU
		{16CACCAF-B846-4F57-891E-AFFBE022D248}.Release|Any CPU.Build.0 = Release|Any CPU
		{39DBCC1E-77AB-4FD2-B904-A82C416BB1CF}.Debug|Any CPU.ActiveCfg = Debug|Any CPU
		{39DBCC1E-77AB-4FD2-B904-A82C416BB1CF}.Debug|Any CPU.Build.0 = Debug|Any CPU
		{39DBCC1E-77AB-4FD2-B904-A82C416BB1CF}.Release|Any CPU.ActiveCfg = Release|Any CPU
		{39DBCC1E-77AB-4FD2-B904-A82C416BB1CF}.Release|Any CPU.Build.0 = Release|Any CPU
	EndGlobalSection
	GlobalSection(SolutionProperties) = preSolution
		HideSolutionNode = FALSE
	EndGlobalSection
	GlobalSection(ExtensibilityGlobals) = postSolution
		SolutionGuid = {DF06E4D7-99B3-4CA2-8B25-FE4F333339A8}
	EndGlobalSection
EndGlobal
